github.com/CaiJimmy/hugo-theme-stack/v3 v3.27.0 h1:wVAa/ZimTOkFy/mODH5RXS3R3mlgfAXaDTYs7GccJUw=
github.com/CaiJimmy/hugo-theme-stack/v3 v3.27.0/go.mod h1:IPmCXiIxlFSLFYS0tOmYP6ySLviyeNVSabyvSuaxD+I=
github.com/martignoni/hugo-notice v0.0.0-20240707105359-40327ac00cc4 h1:lxS0B1ta9/uW+orrnvsGHMCC0TgN4DymEgdlb0PL/uU=
github.com/martignoni/hugo-notice v0.0.0-20240707105359-40327ac00cc4/go.mod h1:MIQPOMgEcbyRC0gNLzQFSgrS+wIy3RuQ/HbaZYtTOKU=
